
Microsoft Visual Studio Solution File, Format Version 12.00
# Visual Studio Version 17
VisualStudioVersion = 17.14.36518.9 d17.14
MinimumVisualStudioVersion = 10.0.40219.1
Project("{FAE04EC0-301F-11D3-BF4B-00C04F79EFBC}") = "ToDoList", "ToDoList\ToDoList.csproj", "{81B538EF-9090-43FD-B593-A2EFB52370FC}"
EndProject
Global
	GlobalSection(SolutionConfigurationPlatforms) = preSolution
		Debug|Any CPU = Debug|Any CPU
		Release|Any CPU = Release|Any CPU
	EndGlobalSection
	GlobalSection(ProjectConfigurationPlatforms) = postSolution
		{81B538EF-9090-43FD-B593-A2EFB52370FC}.Debug|Any CPU.ActiveCfg = Debug|Any CPU
		{81B538EF-9090-43FD-B593-A2EFB52370FC}.Debug|Any CPU.Build.0 = Debug|Any CPU
		{81B538EF-9090-43FD-B593-A2EFB52370FC}.Release|Any CPU.ActiveCfg = Release|Any CPU
		{81B538EF-9090-43FD-B593-A2EFB52370FC}.Release|Any CPU.Build.0 = Release|Any CPU
	EndGlobalSection
	GlobalSection(SolutionProperties) = preSolution
		HideSolutionNode = FALSE
	EndGlobalSection
	GlobalSection(ExtensibilityGlobals) = postSolution
		SolutionGuid = {09EF863C-4445-4DD7-B8A3-EC7EBEFF5093}
	EndGlobalSection
EndGlobal
